
Microsoft Visual Studio Solution File, Format Version 12.00
# Visual Studio 14
VisualStudioVersion = 14.0.25420.1
MinimumVisualStudioVersion = 10.0.40219.1
Project("{FAE04EC0-301F-11D3-BF4B-00C04F79EFBC}") = "WcfService1", "WcfService1\WcfService1.csproj", "{F90C600D-D1EB-4CBD-B272-EBA8630DB77B}"
EndProject
Global
	GlobalSection(SolutionConfigurationPlatforms) = preSolution
		Debug|Any CPU = Debug|Any CPU
		Release|Any CPU = Release|Any CPU
	EndGlobalSection
	GlobalSection(ProjectConfigurationPlatforms) = postSolution
		{F90C600D-D1EB-4CBD-B272-EBA8630DB77B}.Debug|Any CPU.ActiveCfg = Debug|Any CPU
		{F90C600D-D1EB-4CBD-B272-EBA8630DB77B}.Debug|Any CPU.Build.0 = Debug|Any CPU
		{F90C600D-D1EB-4CBD-B272-EBA8630DB77B}.Release|Any CPU.ActiveCfg = Release|Any CPU
		{F90C600D-D1EB-4CBD-B272-EBA8630DB77B}.Release|Any CPU.Build.0 = Release|Any CPU
	EndGlobalSection
	GlobalSection(SolutionProperties) = preSolution
		HideSolutionNode = FALSE
	EndGlobalSection
EndGlobal
